
Microsoft Visual Studio Solution File, Format Version 12.00
# Visual Studio 14
VisualStudioVersion = 14.0.25420.1
MinimumVisualStudioVersion = 10.0.40219.1
Project("{FAE04EC0-301F-11D3-BF4B-00C04F79EFBC}") = "WebAPI", "WebAPI\WebAPI.csproj", "{F7F3A9C3-7988-4C3A-9907-AF18333E5962}"
EndProject
Project("{FAE04EC0-301F-11D3-BF4B-00C04F79EFBC}") = "WebAPI.Tests", "WebAPI.Tests\WebAPI.Tests.csproj", "{84DE6AFB-3052-442D-BF8D-640183594026}"
EndProject
Global
	GlobalSection(SolutionConfigurationPlatforms) = preSolution
		Debug|Any CPU = Debug|Any CPU
		Release|Any CPU = Release|Any CPU
	EndGlobalSection
	GlobalSection(ProjectConfigurationPlatforms) = postSolution
		{F7F3A9C3-7988-4C3A-9907-AF18333E5962}.Debug|Any CPU.ActiveCfg = Debug|Any CPU
		{F7F3A9C3-7988-4C3A-9907-AF18333E5962}.Debug|Any CPU.Build.0 = Debug|Any CPU
		{F7F3A9C3-7988-4C3A-9907-AF18333E5962}.Release|Any CPU.ActiveCfg = Release|Any CPU
		{F7F3A9C3-7988-4C3A-9907-AF18333E5962}.Release|Any CPU.Build.0 = Release|Any CPU
		{84DE6AFB-3052-442D-BF8D-640183594026}.Debug|Any CPU.ActiveCfg = Debug|Any CPU
		{84DE6AFB-3052-442D-BF8D-640183594026}.Debug|Any CPU.Build.0 = Debug|Any CPU
		{84DE6AFB-3052-442D-BF8D-640183594026}.Release|Any CPU.ActiveCfg = Release|Any CPU
		{84DE6AFB-3052-442D-BF8D-640183594026}.Release|Any CPU.Build.0 = Release|Any CPU
	EndGlobalSection
	GlobalSection(SolutionProperties) = preSolution
		HideSolutionNode = FALSE
	EndGlobalSection
EndGlobal
